
Microsoft Visual Studio Solution File, Format Version 12.00
# Visual Studio Version 17
VisualStudioVersion = 17.8.34511.84
MinimumVisualStudioVersion = 10.0.40219.1
Project("{9A19103F-16F7-4668-BE54-9A1E7A4F7556}") = "PetProject", "PetProject\PetProject.csproj", "{AE73A7C8-4458-431A-AEF3-86420A0EB11E}"
EndProject
Project("{FAE04EC0-301F-11D3-BF4B-00C04F79EFBC}") = "Data.SQL", "Data.SQL\Data.SQL.csproj", "{77AE786A-50FE-4FF3-A122-A08690069BD1}"
EndProject
Global
	GlobalSection(SolutionConfigurationPlatforms) = preSolution
		Debug|Any CPU = Debug|Any CPU
		Release|Any CPU = Release|Any CPU
	EndGlobalSection
	GlobalSection(ProjectConfigurationPlatforms) = postSolution
		{AE73A7C8-4458-431A-AEF3-86420A0EB11E}.Debug|Any CPU.ActiveCfg = Debug|Any CPU
		{AE73A7C8-4458-431A-AEF3-86420A0EB11E}.Debug|Any CPU.Build.0 = Debug|Any CPU
		{AE73A7C8-4458-431A-AEF3-86420A0EB11E}.Release|Any CPU.ActiveCfg = Release|Any CPU
		{AE73A7C8-4458-431A-AEF3-86420A0EB11E}.Release|Any CPU.Build.0 = Release|Any CPU
		{77AE786A-50FE-4FF3-A122-A08690069BD1}.Debug|Any CPU.ActiveCfg = Debug|Any CPU
		{77AE786A-50FE-4FF3-A122-A08690069BD1}.Debug|Any CPU.Build.0 = Debug|Any CPU
		{77AE786A-50FE-4FF3-A122-A08690069BD1}.Release|Any CPU.ActiveCfg = Release|Any CPU
		{77AE786A-50FE-4FF3-A122-A08690069BD1}.Release|Any CPU.Build.0 = Release|Any CPU
	EndGlobalSection
	GlobalSection(SolutionProperties) = preSolution
		HideSolutionNode = FALSE
	EndGlobalSection
	GlobalSection(ExtensibilityGlobals) = postSolution
		SolutionGuid = {04866A98-EEC8-4FAE-BE08-4289E824DC57}
	EndGlobalSection
EndGlobal
